
Microsoft Visual Studio Solution File, Format Version 12.00
Project("{FAE04EC0-301F-11D3-BF4B-00C04F79EFBC}") = "Godot.Signals", "Godot.Signals/Godot.Signals.csproj", "{2403F3F8-A774-449E-B85C-626B64B30421}"
EndProject
Global
	GlobalSection(SolutionConfigurationPlatforms) = preSolution
		Debug|Any CPU = Debug|Any CPU
		Release|Any CPU = Release|Any CPU
	EndGlobalSection
	GlobalSection(ProjectConfigurationPlatforms) = postSolution
		{2403F3F8-A774-449E-B85C-626B64B30421}.Debug|Any CPU.ActiveCfg = Debug|Any CPU
		{2403F3F8-A774-449E-B85C-626B64B30421}.Debug|Any CPU.Build.0 = Debug|Any CPU
		{2403F3F8-A774-449E-B85C-626B64B30421}.Release|Any CPU.ActiveCfg = Release|Any CPU
		{2403F3F8-A774-449E-B85C-626B64B30421}.Release|Any CPU.Build.0 = Release|Any CPU
	EndGlobalSection
EndGlobal
